// !$*UTF8*$!
{
	archiveVersion = 1;
	classes = {
	};
	objectVersion = 46;
	objects = {

/* Begin PBXBuildFile section */
		0306336823A1012200046A59 /* LocationLayer.swift in Sources */ = {isa = PBXBuildFile; fileRef = 0306336723A1012200046A59 /* LocationLayer.swift */; };
		0306336B23A142FA00046A59 /* LayerOffsets.swift in Sources */ = {isa = PBXBuildFile; fileRef = 0306336A23A142FA00046A59 /* LayerOffsets.swift */; };
		0306336E23A15FA900046A59 /* AnimationTextLayer.swift in Sources */ = {isa = PBXBuildFile; fileRef = 0306336D23A15FA900046A59 /* AnimationTextLayer.swift */; };
		030A0F23245C7924009E1D97 /* battery.0.pdf in Resources */ = {isa = PBXBuildFile; fileRef = 030A0F0C245C7924009E1D97 /* battery.0.pdf */; };
		030A0F29245C7C7D009E1D97 /* BatteryIconLayer.swift in Sources */ = {isa = PBXBuildFile; fileRef = 030A0F28245C7C7D009E1D97 /* BatteryIconLayer.swift */; };
		030DDA902423C3BE0072D5C9 /* InfoTimerView.swift in Sources */ = {isa = PBXBuildFile; fileRef = 030DDA8F2423C3BE0072D5C9 /* InfoTimerView.swift */; };
		03233B68217272640077D3F9 /* PoiStringProvider.swift in Sources */ = {isa = PBXBuildFile; fileRef = 03233B67217272640077D3F9 /* PoiStringProvider.swift */; };
		032D1161239A7D82007E7756 /* Battery.swift in Sources */ = {isa = PBXBuildFile; fileRef = 032D1160239A7D82007E7756 /* Battery.swift */; };
		033D62AB216CADCD00F3AF83 /* icon-day-dark.pdf in Resources */ = {isa = PBXBuildFile; fileRef = 033D62AA216CADCD00F3AF83 /* icon-day-dark.pdf */; };
		033D62AF216CAE2C00F3AF83 /* icon-night-dark.pdf in Resources */ = {isa = PBXBuildFile; fileRef = 033D62AE216CAE2C00F3AF83 /* icon-night-dark.pdf */; };
		034116D323F9BD3100CD7674 /* PrefsUpdates.swift in Sources */ = {isa = PBXBuildFile; fileRef = 034116D223F9BD3100CD7674 /* PrefsUpdates.swift */; };
		0345872D2449C52F00C97D1B /* AnimatableLayer.swift in Sources */ = {isa = PBXBuildFile; fileRef = 0345872C2449C52F00C97D1B /* AnimatableLayer.swift */; };
		034587322449D8EB00C97D1B /* AnimationLayer.swift in Sources */ = {isa = PBXBuildFile; fileRef = 034587312449D8EB00C97D1B /* AnimationLayer.swift */; };
		034F29B423A7A79B004B34D5 /* PWC+Info.swift in Sources */ = {isa = PBXBuildFile; fileRef = 034F29B323A7A79B004B34D5 /* PWC+Info.swift */; };
		034F29B723A7A93D004B34D5 /* InfoTableSource.swift in Sources */ = {isa = PBXBuildFile; fileRef = 034F29B623A7A93D004B34D5 /* InfoTableSource.swift */; };
		034F29BF23A7E28E004B34D5 /* PrefsInfo.swift in Sources */ = {isa = PBXBuildFile; fileRef = 034F29BE23A7E28E004B34D5 /* PrefsInfo.swift */; };
		03510C6C21834EFF008F74F2 /* IOKit.framework in Frameworks */ = {isa = PBXBuildFile; fileRef = 03510C6A21834EB2008F74F2 /* IOKit.framework */; };
		03510C6F21834F38008F74F2 /* IOBridge.m in Sources */ = {isa = PBXBuildFile; fileRef = 03510C6E21834F38008F74F2 /* IOBridge.m */; };
		03510C7021834FC3008F74F2 /* Aerial-Bridging-Header.h in Headers */ = {isa = PBXBuildFile; fileRef = 03510C6D21834F38008F74F2 /* Aerial-Bridging-Header.h */; };
		03510C732185EF76008F74F2 /* CoreLocation.framework in Frameworks */ = {isa = PBXBuildFile; fileRef = 03510C722185EF76008F74F2 /* CoreLocation.framework */; };
		0354D0E923F6C31800D86F9E /* InfoSettingsTableSource.swift in Sources */ = {isa = PBXBuildFile; fileRef = 0354D0E823F6C31800D86F9E /* InfoSettingsTableSource.swift */; };
		0354D0EC23F6CB7B00D86F9E /* InfoSettingsView.swift in Sources */ = {isa = PBXBuildFile; fileRef = 0354D0EB23F6CB7B00D86F9E /* InfoSettingsView.swift */; };
		035D524F239AA31A00DC29DC /* AerialView+Player.swift in Sources */ = {isa = PBXBuildFile; fileRef = 035D524E239AA31A00DC29DC /* AerialView+Player.swift */; };
		03608A1022A54887008F08A2 /* PWC+Videos.swift in Sources */ = {isa = PBXBuildFile; fileRef = 03608A0F22A54887008F08A2 /* PWC+Videos.swift */; };
		03608A1422A559F6008F08A2 /* PWC+Displays.swift in Sources */ = {isa = PBXBuildFile; fileRef = 03608A1322A559F6008F08A2 /* PWC+Displays.swift */; };
		03608A2022A55BC2008F08A2 /* PWC+Cache.swift in Sources */ = {isa = PBXBuildFile; fileRef = 03608A1F22A55BC2008F08A2 /* PWC+Cache.swift */; };
		03608A2322A55BF1008F08A2 /* PWC+Updates.swift in Sources */ = {isa = PBXBuildFile; fileRef = 03608A2222A55BF1008F08A2 /* PWC+Updates.swift */; };
		03608A2622A55C03008F08A2 /* PWC+Advanced.swift in Sources */ = {isa = PBXBuildFile; fileRef = 03608A2522A55C03008F08A2 /* PWC+Advanced.swift */; };
		03608A2922A56094008F08A2 /* PWC+LogPanel.swift in Sources */ = {isa = PBXBuildFile; fileRef = 03608A2822A56094008F08A2 /* PWC+LogPanel.swift */; };
		03608A2C22A56465008F08A2 /* HardwareDetection.swift in Sources */ = {isa = PBXBuildFile; fileRef = 03608A2B22A56465008F08A2 /* HardwareDetection.swift */; };
		0361B9A823D732A300B6252D /* PrefsDisplays.swift in Sources */ = {isa = PBXBuildFile; fileRef = 0361B9A723D732A300B6252D /* PrefsDisplays.swift */; };
		036A57D523F30DD00009DC02 /* UpdatesLayer.swift in Sources */ = {isa = PBXBuildFile; fileRef = 036A57D423F30DD00009DC02 /* UpdatesLayer.swift */; };
		036A57D823F470940009DC02 /* InfoCountdownView.swift in Sources */ = {isa = PBXBuildFile; fileRef = 036A57D723F470940009DC02 /* InfoCountdownView.swift */; };
		036A57DB23F5820A0009DC02 /* CountdownLayer.swift in Sources */ = {isa = PBXBuildFile; fileRef = 036A57DA23F5820A0009DC02 /* CountdownLayer.swift */; };
		0387CA40245DC7A5000A7095 /* bolt.fill.pdf in Resources */ = {isa = PBXBuildFile; fileRef = 0387CA3F245DC7A4000A7095 /* bolt.fill.pdf */; };
		03893CB3217749F0008E7125 /* ErrorLog.swift in Sources */ = {isa = PBXBuildFile; fileRef = 03893CB2217749F0008E7125 /* ErrorLog.swift */; };
		038C584723A9304800224630 /* InfoContainerView.swift in Sources */ = {isa = PBXBuildFile; fileRef = 038C584623A9304800224630 /* InfoContainerView.swift */; };
		038C584A23A9394000224630 /* InfoCommonView.swift in Sources */ = {isa = PBXBuildFile; fileRef = 038C584923A9394000224630 /* InfoCommonView.swift */; };
		038D2EDE23B0FB0D00CD91F7 /* PrefsVideos.swift in Sources */ = {isa = PBXBuildFile; fileRef = 038D2EDD23B0FB0D00CD91F7 /* PrefsVideos.swift */; };
		038D2EE423B6565900CD91F7 /* InfoBatteryView.swift in Sources */ = {isa = PBXBuildFile; fileRef = 038D2EE323B6565900CD91F7 /* InfoBatteryView.swift */; };
		0393857A2175D4B80040B850 /* AVPlayerViewExtension.swift in Sources */ = {isa = PBXBuildFile; fileRef = 039385792175D4B80040B850 /* AVPlayerViewExtension.swift */; };
		0395835321807D1F008E8F9C /* thumbnail@2x.png in Resources */ = {isa = PBXBuildFile; fileRef = 0395835121807D1F008E8F9C /* thumbnail@2x.png */; };
		0395835521807D1F008E8F9C /* thumbnail.png in Resources */ = {isa = PBXBuildFile; fileRef = 0395835221807D1F008E8F9C /* thumbnail.png */; };
		03A2CB9C216BA9AF0061E8E8 /* VideoManager.swift in Sources */ = {isa = PBXBuildFile; fileRef = 03A2CB9B216BA9AF0061E8E8 /* VideoManager.swift */; };
		03A42A992449F5EA003B3012 /* white_retina.png in Resources */ = {isa = PBXBuildFile; fileRef = 03A42A822449F5EA003B3012 /* white_retina.png */; };
		03A42A9C2449F602003B3012 /* purple_retina.png in Resources */ = {isa = PBXBuildFile; fileRef = 03A42A9B2449F601003B3012 /* purple_retina.png */; };
		03A4A80B2451CE2C00A1F7A3 /* NSImage+trim.swift in Sources */ = {isa = PBXBuildFile; fileRef = 03A4A80A2451CE2C00A1F7A3 /* NSImage+trim.swift */; };
		03A4A80E2451D04C00A1F7A3 /* PrefsAdvanced.swift in Sources */ = {isa = PBXBuildFile; fileRef = 03A4A80D2451D04C00A1F7A3 /* PrefsAdvanced.swift */; };
		03A596D323AA750F0097EA66 /* InfoMessageView.swift in Sources */ = {isa = PBXBuildFile; fileRef = 03A596D223AA750F0097EA66 /* InfoMessageView.swift */; };
		03A596D523AA752F0097EA66 /* InfoClockView.swift in Sources */ = {isa = PBXBuildFile; fileRef = 03A596D423AA752F0097EA66 /* InfoClockView.swift */; };
		03A596D923AB8F000097EA66 /* InfoLocationView.swift in Sources */ = {isa = PBXBuildFile; fileRef = 03A596D823AB8F000097EA66 /* InfoLocationView.swift */; };
		03BF51BC23A2643C008AD373 /* LayerManager.swift in Sources */ = {isa = PBXBuildFile; fileRef = 03BF51BB23A2643C008AD373 /* LayerManager.swift */; };
		03BF51BF23A274CA008AD373 /* MessageLayer.swift in Sources */ = {isa = PBXBuildFile; fileRef = 03BF51BE23A274CA008AD373 /* MessageLayer.swift */; };
		03BF51C223A2978B008AD373 /* ClockLayer.swift in Sources */ = {isa = PBXBuildFile; fileRef = 03BF51C123A2978B008AD373 /* ClockLayer.swift */; };
		03D1E78722842FB300D10CF7 /* DisplayView.swift in Sources */ = {isa = PBXBuildFile; fileRef = 03D1E78622842FB300D10CF7 /* DisplayView.swift */; };
		03D1E78A2284471A00D10CF7 /* DisplayDetection.swift in Sources */ = {isa = PBXBuildFile; fileRef = 03D1E7892284471A00D10CF7 /* DisplayDetection.swift */; };
		03D1E79122848F7F00D10CF7 /* screen2.jpg in Resources */ = {isa = PBXBuildFile; fileRef = 03D1E78E22848F7F00D10CF7 /* screen2.jpg */; };
		03D1E79422848F7F00D10CF7 /* screen1.jpg in Resources */ = {isa = PBXBuildFile; fileRef = 03D1E78F22848F7F00D10CF7 /* screen1.jpg */; };
		03D1E79722848F7F00D10CF7 /* screen0.jpg in Resources */ = {isa = PBXBuildFile; fileRef = 03D1E79022848F7F00D10CF7 /* screen0.jpg */; };
		03E8730C2165013C002B469B /* DownloadManager.swift in Sources */ = {isa = PBXBuildFile; fileRef = 03E8730B2165013C002B469B /* DownloadManager.swift */; };
		03E8730F216501ED002B469B /* AsynchronousOperation.swift in Sources */ = {isa = PBXBuildFile; fileRef = 03E8730E216501ED002B469B /* AsynchronousOperation.swift */; };
		03FA49A12423DA1F00863AF6 /* TimerLayer.swift in Sources */ = {isa = PBXBuildFile; fileRef = 03FA49A02423DA1F00863AF6 /* TimerLayer.swift */; };
		03FA49B42428EE3300863AF6 /* InfoDateView.swift in Sources */ = {isa = PBXBuildFile; fileRef = 03FA49B32428EE3300863AF6 /* InfoDateView.swift */; };
		03FA49B72428F84500863AF6 /* DateLayer.swift in Sources */ = {isa = PBXBuildFile; fileRef = 03FA49B62428F84500863AF6 /* DateLayer.swift */; };
		190CD3DA2743336600DF1750 /* missingvideos-tvos12.json in Resources */ = {isa = PBXBuildFile; fileRef = 190CD3D92743336600DF1750 /* missingvideos-tvos12.json */; };
		190CD3DB2743336600DF1750 /* missingvideos-tvos12.json in Resources */ = {isa = PBXBuildFile; fileRef = 190CD3D92743336600DF1750 /* missingvideos-tvos12.json */; };
		194418112741617E00EF4E3B /* AppDelegate.swift in Sources */ = {isa = PBXBuildFile; fileRef = FAC36F301BE1756D007F2A20 /* AppDelegate.swift */; };
		194418122741619600EF4E3B /* Assets.xcassets in Resources */ = {isa = PBXBuildFile; fileRef = FAC36F321BE1756D007F2A20 /* Assets.xcassets */; };
		194418132741620600EF4E3B /* PreferencesWindowController.swift in Sources */ = {isa = PBXBuildFile; fileRef = FAC36F3E1BE1756D007F2A20 /* PreferencesWindowController.swift */; };
		194418142741621E00EF4E3B /* PWC+Displays.swift in Sources */ = {isa = PBXBuildFile; fileRef = 03608A1322A559F6008F08A2 /* PWC+Displays.swift */; };
		194418162741621E00EF4E3B /* PWC+Advanced.swift in Sources */ = {isa = PBXBuildFile; fileRef = 03608A2522A55C03008F08A2 /* PWC+Advanced.swift */; };
		194418182741621E00EF4E3B /* PWC+LogPanel.swift in Sources */ = {isa = PBXBuildFile; fileRef = 03608A2822A56094008F08A2 /* PWC+LogPanel.swift */; };
		194418192741621E00EF4E3B /* PWC+Videos.swift in Sources */ = {isa = PBXBuildFile; fileRef = 03608A0F22A54887008F08A2 /* PWC+Videos.swift */; };
		1944181A2741621E00EF4E3B /* PWC+Info.swift in Sources */ = {isa = PBXBuildFile; fileRef = 034F29B323A7A79B004B34D5 /* PWC+Info.swift */; };
		1944181B2741621E00EF4E3B /* PWC+Cache.swift in Sources */ = {isa = PBXBuildFile; fileRef = 03608A1F22A55BC2008F08A2 /* PWC+Cache.swift */; };
		1944181C2741621E00EF4E3B /* PWC+Updates.swift in Sources */ = {isa = PBXBuildFile; fileRef = 03608A2222A55BF1008F08A2 /* PWC+Updates.swift */; };
		1944181D2741623D00EF4E3B /* PrefsDisplays.swift in Sources */ = {isa = PBXBuildFile; fileRef = 0361B9A723D732A300B6252D /* PrefsDisplays.swift */; };
		1944181F2741623D00EF4E3B /* PrefsUpdates.swift in Sources */ = {isa = PBXBuildFile; fileRef = 034116D223F9BD3100CD7674 /* PrefsUpdates.swift */; };
		194418202741623D00EF4E3B /* PrefsVideos.swift in Sources */ = {isa = PBXBuildFile; fileRef = 038D2EDD23B0FB0D00CD91F7 /* PrefsVideos.swift */; };
		194418212741623D00EF4E3B /* PrefsAdvanced.swift in Sources */ = {isa = PBXBuildFile; fileRef = 03A4A80D2451D04C00A1F7A3 /* PrefsAdvanced.swift */; };
		194418222741623D00EF4E3B /* PrefsInfo.swift in Sources */ = {isa = PBXBuildFile; fileRef = 034F29BE23A7E28E004B34D5 /* PrefsInfo.swift */; };
		194418232741623D00EF4E3B /* Preferences.swift in Sources */ = {isa = PBXBuildFile; fileRef = FA6F81DB1D939455007975FE /* Preferences.swift */; };
		194418252741627100EF4E3B /* PreferencesWindow.xib in Resources */ = {isa = PBXBuildFile; fileRef = FAC36F3A1BE1756D007F2A20 /* PreferencesWindow.xib */; };
		194418272741628700EF4E3B /* DarkMode.swift in Sources */ = {isa = PBXBuildFile; fileRef = F00864B323AAE7F0003210EF /* DarkMode.swift */; };
		194418282741628700EF4E3B /* NightShift.swift in Sources */ = {isa = PBXBuildFile; fileRef = F00864B623AAE8E9003210EF /* NightShift.swift */; };
		1944182A2741628700EF4E3B /* DisplayDetection.swift in Sources */ = {isa = PBXBuildFile; fileRef = 03D1E7892284471A00D10CF7 /* DisplayDetection.swift */; };
		1944182B2741628700EF4E3B /* HardwareDetection.swift in Sources */ = {isa = PBXBuildFile; fileRef = 03608A2B22A56465008F08A2 /* HardwareDetection.swift */; };
		1944182C274162AF00EF4E3B /* InfoTimerView.swift in Sources */ = {isa = PBXBuildFile; fileRef = 030DDA8F2423C3BE0072D5C9 /* InfoTimerView.swift */; };
		1944182D274162AF00EF4E3B /* InfoTableSource.swift in Sources */ = {isa = PBXBuildFile; fileRef = 034F29B623A7A93D004B34D5 /* InfoTableSource.swift */; };
		1944182E274162AF00EF4E3B /* InfoCommonView.swift in Sources */ = {isa = PBXBuildFile; fileRef = 038C584923A9394000224630 /* InfoCommonView.swift */; };
		1944182F274162AF00EF4E3B /* InfoLocationView.swift in Sources */ = {isa = PBXBuildFile; fileRef = 03A596D823AB8F000097EA66 /* InfoLocationView.swift */; };
		19441830274162AF00EF4E3B /* InfoClockView.swift in Sources */ = {isa = PBXBuildFile; fileRef = 03A596D423AA752F0097EA66 /* InfoClockView.swift */; };
		19441831274162AF00EF4E3B /* InfoMessageView.swift in Sources */ = {isa = PBXBuildFile; fileRef = 03A596D223AA750F0097EA66 /* InfoMessageView.swift */; };
		19441832274162AF00EF4E3B /* InfoBatteryView.swift in Sources */ = {isa = PBXBuildFile; fileRef = 038D2EE323B6565900CD91F7 /* InfoBatteryView.swift */; };
		19441833274162AF00EF4E3B /* CheckCellView.swift in Sources */ = {isa = PBXBuildFile; fileRef = FAC36F441BE1756D007F2A20 /* CheckCellView.swift */; };
		19441834274162AF00EF4E3B /* InfoContainerView.swift in Sources */ = {isa = PBXBuildFile; fileRef = 038C584623A9304800224630 /* InfoContainerView.swift */; };
		19441835274162AF00EF4E3B /* InfoCountdownView.swift in Sources */ = {isa = PBXBuildFile; fileRef = 036A57D723F470940009DC02 /* InfoCountdownView.swift */; };
		19441836274162AF00EF4E3B /* InfoDateView.swift in Sources */ = {isa = PBXBuildFile; fileRef = 03FA49B32428EE3300863AF6 /* InfoDateView.swift */; };
		19441837274162AF00EF4E3B /* DisplayView.swift in Sources */ = {isa = PBXBuildFile; fileRef = 03D1E78622842FB300D10CF7 /* DisplayView.swift */; };
		19441838274162AF00EF4E3B /* InfoSettingsView.swift in Sources */ = {isa = PBXBuildFile; fileRef = 0354D0EB23F6CB7B00D86F9E /* InfoSettingsView.swift */; };
		19441839274162AF00EF4E3B /* InfoSettingsTableSource.swift in Sources */ = {isa = PBXBuildFile; fileRef = 0354D0E823F6C31800D86F9E /* InfoSettingsTableSource.swift */; };
		1944183A274162B500EF4E3B /* AnimationTextLayer.swift in Sources */ = {isa = PBXBuildFile; fileRef = 0306336D23A15FA900046A59 /* AnimationTextLayer.swift */; };
		1944183B274162B500EF4E3B /* TimerLayer.swift in Sources */ = {isa = PBXBuildFile; fileRef = 03FA49A02423DA1F00863AF6 /* TimerLayer.swift */; };
		1944183C274162B500EF4E3B /* DateLayer.swift in Sources */ = {isa = PBXBuildFile; fileRef = 03FA49B62428F84500863AF6 /* DateLayer.swift */; };
		1944183D274162B500EF4E3B /* LocationLayer.swift in Sources */ = {isa = PBXBuildFile; fileRef = 0306336723A1012200046A59 /* LocationLayer.swift */; };
		1944183E274162B500EF4E3B /* UpdatesLayer.swift in Sources */ = {isa = PBXBuildFile; fileRef = 036A57D423F30DD00009DC02 /* UpdatesLayer.swift */; };
		1944183F274162B500EF4E3B /* AerialView.swift in Sources */ = {isa = PBXBuildFile; fileRef = FAC36F431BE1756D007F2A20 /* AerialView.swift */; };
		19441841274162B500EF4E3B /* AerialPlayerItem.swift in Sources */ = {isa = PBXBuildFile; fileRef = AA7E2E5D1FC62E8B00E5F320 /* AerialPlayerItem.swift */; };
		19441842274162B500EF4E3B /* AnimationLayer.swift in Sources */ = {isa = PBXBuildFile; fileRef = 034587312449D8EB00C97D1B /* AnimationLayer.swift */; };
		19441843274162B500EF4E3B /* ClockLayer.swift in Sources */ = {isa = PBXBuildFile; fileRef = 03BF51C123A2978B008AD373 /* ClockLayer.swift */; };
		19441844274162B500EF4E3B /* AnimatableLayer.swift in Sources */ = {isa = PBXBuildFile; fileRef = 0345872C2449C52F00C97D1B /* AnimatableLayer.swift */; };
		19441845274162B500EF4E3B /* BatteryIconLayer.swift in Sources */ = {isa = PBXBuildFile; fileRef = 030A0F28245C7C7D009E1D97 /* BatteryIconLayer.swift */; };
		19441846274162B500EF4E3B /* LayerOffsets.swift in Sources */ = {isa = PBXBuildFile; fileRef = 0306336A23A142FA00046A59 /* LayerOffsets.swift */; };
		19441847274162B500EF4E3B /* CountdownLayer.swift in Sources */ = {isa = PBXBuildFile; fileRef = 036A57DA23F5820A0009DC02 /* CountdownLayer.swift */; };
		19441848274162B500EF4E3B /* MessageLayer.swift in Sources */ = {isa = PBXBuildFile; fileRef = 03BF51BE23A274CA008AD373 /* MessageLayer.swift */; };
		19441849274162B500EF4E3B /* LayerManager.swift in Sources */ = {isa = PBXBuildFile; fileRef = 03BF51BB23A2643C008AD373 /* LayerManager.swift */; };
		1944184A274162B500EF4E3B /* AerialView+Player.swift in Sources */ = {isa = PBXBuildFile; fileRef = 035D524E239AA31A00DC29DC /* AerialView+Player.swift */; };
		1944184B274162CE00EF4E3B /* VideoManager.swift in Sources */ = {isa = PBXBuildFile; fileRef = 03A2CB9B216BA9AF0061E8E8 /* VideoManager.swift */; };
		1944184C274162CE00EF4E3B /* PoiStringProvider.swift in Sources */ = {isa = PBXBuildFile; fileRef = 03233B67217272640077D3F9 /* PoiStringProvider.swift */; };
		1944184D274162CE00EF4E3B /* AssetLoaderDelegate.swift in Sources */ = {isa = PBXBuildFile; fileRef = FAB22A7D1BE17D7D0065C0F5 /* AssetLoaderDelegate.swift */; };
		1944184E274162CE00EF4E3B /* VideoCache.swift in Sources */ = {isa = PBXBuildFile; fileRef = FAF450231BE2D2FD00C1F98A /* VideoCache.swift */; };
		1944184F274162CE00EF4E3B /* VideoLoader.swift in Sources */ = {isa = PBXBuildFile; fileRef = FAF450201BE2B45D00C1F98A /* VideoLoader.swift */; };
		19441850274162CE00EF4E3B /* VideoDownload.swift in Sources */ = {isa = PBXBuildFile; fileRef = FA36BD3E1BE57F8E00D5E03B /* VideoDownload.swift */; };
		19441851274162D200EF4E3B /* AVPlayerViewExtension.swift in Sources */ = {isa = PBXBuildFile; fileRef = 039385792175D4B80040B850 /* AVPlayerViewExtension.swift */; };
		19441852274162D200EF4E3B /* NSImage+trim.swift in Sources */ = {isa = PBXBuildFile; fileRef = 03A4A80A2451CE2C00A1F7A3 /* NSImage+trim.swift */; };
		19441858274162D700EF4E3B /* AerialVideo.swift in Sources */ = {isa = PBXBuildFile; fileRef = FAC36F401BE1756D007F2A20 /* AerialVideo.swift */; };
		19441859274162D700EF4E3B /* ManifestLoader.swift in Sources */ = {isa = PBXBuildFile; fileRef = FAC36F661BE1778C007F2A20 /* ManifestLoader.swift */; };
		1944185A274162D700EF4E3B /* ErrorLog.swift in Sources */ = {isa = PBXBuildFile; fileRef = 03893CB2217749F0008E7125 /* ErrorLog.swift */; };
		194418602741635900EF4E3B /* IOBridge.m in Sources */ = {isa = PBXBuildFile; fileRef = 03510C6E21834F38008F74F2 /* IOBridge.m */; };
		19441862274163A800EF4E3B /* DownloadManager.swift in Sources */ = {isa = PBXBuildFile; fileRef = 03E8730B2165013C002B469B /* DownloadManager.swift */; };
		19441863274163A800EF4E3B /* AsynchronousOperation.swift in Sources */ = {isa = PBXBuildFile; fileRef = 03E8730E216501ED002B469B /* AsynchronousOperation.swift */; };
		19441864274163C500EF4E3B /* Battery.swift in Sources */ = {isa = PBXBuildFile; fileRef = 032D1160239A7D82007E7756 /* Battery.swift */; };
		19D85C6227416615004782A2 /* MainMenu.xib in Resources */ = {isa = PBXBuildFile; fileRef = FAC36F331BE1756D007F2A20 /* MainMenu.xib */; };
		19D85C6427416670004782A2 /* thumbnail@2x.png in Resources */ = {isa = PBXBuildFile; fileRef = 0395835121807D1F008E8F9C /* thumbnail@2x.png */; };
		19D85C6527416673004782A2 /* thumbnail.png in Resources */ = {isa = PBXBuildFile; fileRef = 0395835221807D1F008E8F9C /* thumbnail.png */; };
		19D85C6627416678004782A2 /* icon-night-dark.pdf in Resources */ = {isa = PBXBuildFile; fileRef = 033D62AE216CAE2C00F3AF83 /* icon-night-dark.pdf */; };
		19D85C672741667B004782A2 /* icon-night.pdf in Resources */ = {isa = PBXBuildFile; fileRef = FAC36F381BE1756D007F2A20 /* icon-night.pdf */; };
		19D85C682741667D004782A2 /* icon-day.pdf in Resources */ = {isa = PBXBuildFile; fileRef = FAC36F371BE1756D007F2A20 /* icon-day.pdf */; };
		19D85C6927416680004782A2 /* white_retina.png in Resources */ = {isa = PBXBuildFile; fileRef = 03A42A822449F5EA003B3012 /* white_retina.png */; };
		19D85C6A27416683004782A2 /* purple_retina.png in Resources */ = {isa = PBXBuildFile; fileRef = 03A42A9B2449F601003B3012 /* purple_retina.png */; };
		19D85C6B27416687004782A2 /* icon-day-dark.pdf in Resources */ = {isa = PBXBuildFile; fileRef = 033D62AA216CADCD00F3AF83 /* icon-day-dark.pdf */; };
		19D85C7827416696004782A2 /* screen2.jpg in Resources */ = {isa = PBXBuildFile; fileRef = 03D1E78E22848F7F00D10CF7 /* screen2.jpg */; };
		19D85C7927416696004782A2 /* screen1.jpg in Resources */ = {isa = PBXBuildFile; fileRef = 03D1E78F22848F7F00D10CF7 /* screen1.jpg */; };
		19D85C7A27416696004782A2 /* screen0.jpg in Resources */ = {isa = PBXBuildFile; fileRef = 03D1E79022848F7F00D10CF7 /* screen0.jpg */; };
		19D85C7B27416699004782A2 /* battery.0.pdf in Resources */ = {isa = PBXBuildFile; fileRef = 030A0F0C245C7924009E1D97 /* battery.0.pdf */; };
		19D85C7C27416699004782A2 /* bolt.fill.pdf in Resources */ = {isa = PBXBuildFile; fileRef = 0387CA3F245DC7A4000A7095 /* bolt.fill.pdf */; };
		AA7E2E5E1FC62E8B00E5F320 /* AerialPlayerItem.swift in Sources */ = {isa = PBXBuildFile; fileRef = AA7E2E5D1FC62E8B00E5F320 /* AerialPlayerItem.swift */; };
		F00864B423AAE7F0003210EF /* DarkMode.swift in Sources */ = {isa = PBXBuildFile; fileRef = F00864B323AAE7F0003210EF /* DarkMode.swift */; };
		F00864B723AAE8E9003210EF /* NightShift.swift in Sources */ = {isa = PBXBuildFile; fileRef = F00864B623AAE8E9003210EF /* NightShift.swift */; };
		FA36BD3F1BE57F8E00D5E03B /* VideoDownload.swift in Sources */ = {isa = PBXBuildFile; fileRef = FA36BD3E1BE57F8E00D5E03B /* VideoDownload.swift */; };
		FA6F81DC1D939455007975FE /* Preferences.swift in Sources */ = {isa = PBXBuildFile; fileRef = FA6F81DB1D939455007975FE /* Preferences.swift */; };
		FAB22A7E1BE17D7D0065C0F5 /* AssetLoaderDelegate.swift in Sources */ = {isa = PBXBuildFile; fileRef = FAB22A7D1BE17D7D0065C0F5 /* AssetLoaderDelegate.swift */; };
		FAC36F4D1BE1756D007F2A20 /* icon-day.pdf in Resources */ = {isa = PBXBuildFile; fileRef = FAC36F371BE1756D007F2A20 /* icon-day.pdf */; };
		FAC36F4F1BE1756D007F2A20 /* icon-night.pdf in Resources */ = {isa = PBXBuildFile; fileRef = FAC36F381BE1756D007F2A20 /* icon-night.pdf */; };
		FAC36F531BE1756D007F2A20 /* PreferencesWindow.xib in Resources */ = {isa = PBXBuildFile; fileRef = FAC36F3A1BE1756D007F2A20 /* PreferencesWindow.xib */; };
		FAC36F571BE1756D007F2A20 /* PreferencesWindowController.swift in Sources */ = {isa = PBXBuildFile; fileRef = FAC36F3E1BE1756D007F2A20 /* PreferencesWindowController.swift */; };
		FAC36F591BE1756D007F2A20 /* AerialVideo.swift in Sources */ = {isa = PBXBuildFile; fileRef = FAC36F401BE1756D007F2A20 /* AerialVideo.swift */; };
		FAC36F5B1BE1756D007F2A20 /* AerialView.swift in Sources */ = {isa = PBXBuildFile; fileRef = FAC36F431BE1756D007F2A20 /* AerialView.swift */; };
		FAC36F5D1BE1756D007F2A20 /* CheckCellView.swift in Sources */ = {isa = PBXBuildFile; fileRef = FAC36F441BE1756D007F2A20 /* CheckCellView.swift */; };
		FAC36F671BE1778C007F2A20 /* ManifestLoader.swift in Sources */ = {isa = PBXBuildFile; fileRef = FAC36F661BE1778C007F2A20 /* ManifestLoader.swift */; };
		FAF450211BE2B45D00C1F98A /* VideoLoader.swift in Sources */ = {isa = PBXBuildFile; fileRef = FAF450201BE2B45D00C1F98A /* VideoLoader.swift */; };
		FAF450241BE2D2FD00C1F98A /* VideoCache.swift in Sources */ = {isa = PBXBuildFile; fileRef = FAF450231BE2D2FD00C1F98A /* VideoCache.swift */; };
/* End PBXBuildFile section */

/* Begin PBXCopyFilesBuildPhase section */
		034116CE23F9AD0100CD7674 /* Embed Frameworks */ = {
			isa = PBXCopyFilesBuildPhase;
			buildActionMask = 2147483647;
			dstPath = "";
			dstSubfolderSpec = 10;
			files = (
			);
			name = "Embed Frameworks";
			runOnlyForDeploymentPostprocessing = 0;
		};
/* End PBXCopyFilesBuildPhase section */

/* Begin PBXFileReference section */
		0306336723A1012200046A59 /* LocationLayer.swift */ = {isa = PBXFileReference; lastKnownFileType = sourcecode.swift; path = LocationLayer.swift; sourceTree = "<group>"; };
		0306336A23A142FA00046A59 /* LayerOffsets.swift */ = {isa = PBXFileReference; lastKnownFileType = sourcecode.swift; path = LayerOffsets.swift; sourceTree = "<group>"; };
		0306336D23A15FA900046A59 /* AnimationTextLayer.swift */ = {isa = PBXFileReference; lastKnownFileType = sourcecode.swift; path = AnimationTextLayer.swift; sourceTree = "<group>"; };
		030A0F0C245C7924009E1D97 /* battery.0.pdf */ = {isa = PBXFileReference; lastKnownFileType = image.pdf; path = battery.0.pdf; sourceTree = "<group>"; };
		030A0F28245C7C7D009E1D97 /* BatteryIconLayer.swift */ = {isa = PBXFileReference; lastKnownFileType = sourcecode.swift; path = BatteryIconLayer.swift; sourceTree = "<group>"; };
		030DDA8F2423C3BE0072D5C9 /* InfoTimerView.swift */ = {isa = PBXFileReference; lastKnownFileType = sourcecode.swift; path = InfoTimerView.swift; sourceTree = "<group>"; };
		03233B67217272640077D3F9 /* PoiStringProvider.swift */ = {isa = PBXFileReference; lastKnownFileType = sourcecode.swift; path = PoiStringProvider.swift; sourceTree = "<group>"; };
		032D1160239A7D82007E7756 /* Battery.swift */ = {isa = PBXFileReference; lastKnownFileType = sourcecode.swift; path = Battery.swift; sourceTree = "<group>"; };
		033D62AA216CADCD00F3AF83 /* icon-day-dark.pdf */ = {isa = PBXFileReference; lastKnownFileType = image.pdf; path = "icon-day-dark.pdf"; sourceTree = "<group>"; };
		033D62AE216CAE2C00F3AF83 /* icon-night-dark.pdf */ = {isa = PBXFileReference; lastKnownFileType = image.pdf; path = "icon-night-dark.pdf"; sourceTree = "<group>"; };
		034116D223F9BD3100CD7674 /* PrefsUpdates.swift */ = {isa = PBXFileReference; lastKnownFileType = sourcecode.swift; path = PrefsUpdates.swift; sourceTree = "<group>"; };
		0345872C2449C52F00C97D1B /* AnimatableLayer.swift */ = {isa = PBXFileReference; lastKnownFileType = sourcecode.swift; path = AnimatableLayer.swift; sourceTree = "<group>"; };
		034587312449D8EB00C97D1B /* AnimationLayer.swift */ = {isa = PBXFileReference; lastKnownFileType = sourcecode.swift; path = AnimationLayer.swift; sourceTree = "<group>"; };
		034F29B323A7A79B004B34D5 /* PWC+Info.swift */ = {isa = PBXFileReference; lastKnownFileType = sourcecode.swift; path = "PWC+Info.swift"; sourceTree = "<group>"; };
		034F29B623A7A93D004B34D5 /* InfoTableSource.swift */ = {isa = PBXFileReference; lastKnownFileType = sourcecode.swift; path = InfoTableSource.swift; sourceTree = "<group>"; };
		034F29BE23A7E28E004B34D5 /* PrefsInfo.swift */ = {isa = PBXFileReference; lastKnownFileType = sourcecode.swift; path = PrefsInfo.swift; sourceTree = "<group>"; };
		03510C6A21834EB2008F74F2 /* IOKit.framework */ = {isa = PBXFileReference; lastKnownFileType = wrapper.framework; name = IOKit.framework; path = System/Library/Frameworks/IOKit.framework; sourceTree = SDKROOT; };
		03510C6D21834F38008F74F2 /* Aerial-Bridging-Header.h */ = {isa = PBXFileReference; lastKnownFileType = sourcecode.c.h; path = "Aerial-Bridging-Header.h"; sourceTree = "<group>"; };
		03510C6E21834F38008F74F2 /* IOBridge.m */ = {isa = PBXFileReference; lastKnownFileType = sourcecode.c.objc; path = IOBridge.m; sourceTree = "<group>"; };
		03510C722185EF76008F74F2 /* CoreLocation.framework */ = {isa = PBXFileReference; lastKnownFileType = wrapper.framework; name = CoreLocation.framework; path = System/Library/Frameworks/CoreLocation.framework; sourceTree = SDKROOT; };
		0354D0E823F6C31800D86F9E /* InfoSettingsTableSource.swift */ = {isa = PBXFileReference; lastKnownFileType = sourcecode.swift; path = InfoSettingsTableSource.swift; sourceTree = "<group>"; };
		0354D0EB23F6CB7B00D86F9E /* InfoSettingsView.swift */ = {isa = PBXFileReference; lastKnownFileType = sourcecode.swift; path = InfoSettingsView.swift; sourceTree = "<group>"; };
		035D524E239AA31A00DC29DC /* AerialView+Player.swift */ = {isa = PBXFileReference; lastKnownFileType = sourcecode.swift; path = "AerialView+Player.swift"; sourceTree = "<group>"; };
		03608A0F22A54887008F08A2 /* PWC+Videos.swift */ = {isa = PBXFileReference; lastKnownFileType = sourcecode.swift; path = "PWC+Videos.swift"; sourceTree = "<group>"; };
		03608A1322A559F6008F08A2 /* PWC+Displays.swift */ = {isa = PBXFileReference; lastKnownFileType = sourcecode.swift; path = "PWC+Displays.swift"; sourceTree = "<group>"; };
		03608A1F22A55BC2008F08A2 /* PWC+Cache.swift */ = {isa = PBXFileReference; lastKnownFileType = sourcecode.swift; path = "PWC+Cache.swift"; sourceTree = "<group>"; };
		03608A2222A55BF1008F08A2 /* PWC+Updates.swift */ = {isa = PBXFileReference; lastKnownFileType = sourcecode.swift; path = "PWC+Updates.swift"; sourceTree = "<group>"; };
		03608A2522A55C03008F08A2 /* PWC+Advanced.swift */ = {isa = PBXFileReference; lastKnownFileType = sourcecode.swift; path = "PWC+Advanced.swift"; sourceTree = "<group>"; };
		03608A2822A56094008F08A2 /* PWC+LogPanel.swift */ = {isa = PBXFileReference; lastKnownFileType = sourcecode.swift; path = "PWC+LogPanel.swift"; sourceTree = "<group>"; };
		03608A2B22A56465008F08A2 /* HardwareDetection.swift */ = {isa = PBXFileReference; lastKnownFileType = sourcecode.swift; path = HardwareDetection.swift; sourceTree = "<group>"; };
		0361B9A723D732A300B6252D /* PrefsDisplays.swift */ = {isa = PBXFileReference; lastKnownFileType = sourcecode.swift; path = PrefsDisplays.swift; sourceTree = "<group>"; };
		036A57D423F30DD00009DC02 /* UpdatesLayer.swift */ = {isa = PBXFileReference; lastKnownFileType = sourcecode.swift; path = UpdatesLayer.swift; sourceTree = "<group>"; };
		036A57D723F470940009DC02 /* InfoCountdownView.swift */ = {isa = PBXFileReference; lastKnownFileType = sourcecode.swift; path = InfoCountdownView.swift; sourceTree = "<group>"; };
		036A57DA23F5820A0009DC02 /* CountdownLayer.swift */ = {isa = PBXFileReference; lastKnownFileType = sourcecode.swift; path = CountdownLayer.swift; sourceTree = "<group>"; };
		0387CA3F245DC7A4000A7095 /* bolt.fill.pdf */ = {isa = PBXFileReference; lastKnownFileType = image.pdf; path = bolt.fill.pdf; sourceTree = "<group>"; };
		03893CB2217749F0008E7125 /* ErrorLog.swift */ = {isa = PBXFileReference; lastKnownFileType = sourcecode.swift; path = ErrorLog.swift; sourceTree = "<group>"; };
		038C584623A9304800224630 /* InfoContainerView.swift */ = {isa = PBXFileReference; lastKnownFileType = sourcecode.swift; path = InfoContainerView.swift; sourceTree = "<group>"; };
		038C584923A9394000224630 /* InfoCommonView.swift */ = {isa = PBXFileReference; lastKnownFileType = sourcecode.swift; path = InfoCommonView.swift; sourceTree = "<group>"; };
		038D2EDD23B0FB0D00CD91F7 /* PrefsVideos.swift */ = {isa = PBXFileReference; lastKnownFileType = sourcecode.swift; path = PrefsVideos.swift; sourceTree = "<group>"; };
		038D2EE323B6565900CD91F7 /* InfoBatteryView.swift */ = {isa = PBXFileReference; lastKnownFileType = sourcecode.swift; path = InfoBatteryView.swift; sourceTree = "<group>"; };
		039385792175D4B80040B850 /* AVPlayerViewExtension.swift */ = {isa = PBXFileReference; lastKnownFileType = sourcecode.swift; path = AVPlayerViewExtension.swift; sourceTree = "<group>"; };
		0395835121807D1F008E8F9C /* thumbnail@2x.png */ = {isa = PBXFileReference; lastKnownFileType = image.png; path = "thumbnail@2x.png"; sourceTree = "<group>"; };
		0395835221807D1F008E8F9C /* thumbnail.png */ = {isa = PBXFileReference; lastKnownFileType = image.png; path = thumbnail.png; sourceTree = "<group>"; };
		03A2CB9B216BA9AF0061E8E8 /* VideoManager.swift */ = {isa = PBXFileReference; lastKnownFileType = sourcecode.swift; path = VideoManager.swift; sourceTree = "<group>"; };
		03A42A822449F5EA003B3012 /* white_retina.png */ = {isa = PBXFileReference; lastKnownFileType = image.png; path = white_retina.png; sourceTree = "<group>"; };
		03A42A9B2449F601003B3012 /* purple_retina.png */ = {isa = PBXFileReference; lastKnownFileType = image.png; path = purple_retina.png; sourceTree = "<group>"; };
		03A4A80A2451CE2C00A1F7A3 /* NSImage+trim.swift */ = {isa = PBXFileReference; lastKnownFileType = sourcecode.swift; path = "NSImage+trim.swift"; sourceTree = "<group>"; };
		03A4A80D2451D04C00A1F7A3 /* PrefsAdvanced.swift */ = {isa = PBXFileReference; lastKnownFileType = sourcecode.swift; path = PrefsAdvanced.swift; sourceTree = "<group>"; };
		03A596D223AA750F0097EA66 /* InfoMessageView.swift */ = {isa = PBXFileReference; lastKnownFileType = sourcecode.swift; path = InfoMessageView.swift; sourceTree = "<group>"; };
		03A596D423AA752F0097EA66 /* InfoClockView.swift */ = {isa = PBXFileReference; lastKnownFileType = sourcecode.swift; path = InfoClockView.swift; sourceTree = "<group>"; };
		03A596D823AB8F000097EA66 /* InfoLocationView.swift */ = {isa = PBXFileReference; lastKnownFileType = sourcecode.swift; path = InfoLocationView.swift; sourceTree = "<group>"; };
		03BF51BB23A2643C008AD373 /* LayerManager.swift */ = {isa = PBXFileReference; lastKnownFileType = sourcecode.swift; path = LayerManager.swift; sourceTree = "<group>"; };
		03BF51BE23A274CA008AD373 /* MessageLayer.swift */ = {isa = PBXFileReference; lastKnownFileType = sourcecode.swift; path = MessageLayer.swift; sourceTree = "<group>"; };
		03BF51C123A2978B008AD373 /* ClockLayer.swift */ = {isa = PBXFileReference; lastKnownFileType = sourcecode.swift; path = ClockLayer.swift; sourceTree = "<group>"; };
		03D1E78622842FB300D10CF7 /* DisplayView.swift */ = {isa = PBXFileReference; lastKnownFileType = sourcecode.swift; name = DisplayView.swift; path = Aerial/Source/Views/PrefPanel/DisplayView.swift; sourceTree = SOURCE_ROOT; };
		03D1E7892284471A00D10CF7 /* DisplayDetection.swift */ = {isa = PBXFileReference; lastKnownFileType = sourcecode.swift; path = DisplayDetection.swift; sourceTree = "<group>"; };
		03D1E78E22848F7F00D10CF7 /* screen2.jpg */ = {isa = PBXFileReference; lastKnownFileType = image.jpeg; path = screen2.jpg; sourceTree = "<group>"; };
		03D1E78F22848F7F00D10CF7 /* screen1.jpg */ = {isa = PBXFileReference; lastKnownFileType = image.jpeg; path = screen1.jpg; sourceTree = "<group>"; };
		03D1E79022848F7F00D10CF7 /* screen0.jpg */ = {isa = PBXFileReference; lastKnownFileType = image.jpeg; path = screen0.jpg; sourceTree = "<group>"; };
		03DAD472229EC031000DA6D1 /* Readme.md */ = {isa = PBXFileReference; fileEncoding = 4; lastKnownFileType = net.daringfireball.markdown; path = Readme.md; sourceTree = "<group>"; };
		03E8730B2165013C002B469B /* DownloadManager.swift */ = {isa = PBXFileReference; lastKnownFileType = sourcecode.swift; path = DownloadManager.swift; sourceTree = "<group>"; };
		03E8730E216501ED002B469B /* AsynchronousOperation.swift */ = {isa = PBXFileReference; lastKnownFileType = sourcecode.swift; path = AsynchronousOperation.swift; sourceTree = "<group>"; };
		03FA49A02423DA1F00863AF6 /* TimerLayer.swift */ = {isa = PBXFileReference; lastKnownFileType = sourcecode.swift; path = TimerLayer.swift; sourceTree = "<group>"; };
		03FA49B32428EE3300863AF6 /* InfoDateView.swift */ = {isa = PBXFileReference; lastKnownFileType = sourcecode.swift; path = InfoDateView.swift; sourceTree = "<group>"; };
		03FA49B62428F84500863AF6 /* DateLayer.swift */ = {isa = PBXFileReference; lastKnownFileType = sourcecode.swift; path = DateLayer.swift; sourceTree = "<group>"; };
		190CD3D92743336600DF1750 /* missingvideos-tvos12.json */ = {isa = PBXFileReference; lastKnownFileType = text.json; path = "missingvideos-tvos12.json"; sourceTree = "<group>"; };
		19441802274160ED00EF4E3B /* TestPreferences.app */ = {isa = PBXFileReference; explicitFileType = wrapper.application; includeInIndex = 0; path = TestPreferences.app; sourceTree = BUILT_PRODUCTS_DIR; };
		AA7E2E5D1FC62E8B00E5F320 /* AerialPlayerItem.swift */ = {isa = PBXFileReference; lastKnownFileType = sourcecode.swift; path = AerialPlayerItem.swift; sourceTree = "<group>"; };
		F00864B323AAE7F0003210EF /* DarkMode.swift */ = {isa = PBXFileReference; lastKnownFileType = sourcecode.swift; path = DarkMode.swift; sourceTree = "<group>"; };
		F00864B623AAE8E9003210EF /* NightShift.swift */ = {isa = PBXFileReference; lastKnownFileType = sourcecode.swift; path = NightShift.swift; sourceTree = "<group>"; };
		FA143CE51BDA3EEF0041A82B /* AVKit.framework */ = {isa = PBXFileReference; lastKnownFileType = wrapper.framework; name = AVKit.framework; path = System/Library/Frameworks/AVKit.framework; sourceTree = SDKROOT; };
		FA36BD3E1BE57F8E00D5E03B /* VideoDownload.swift */ = {isa = PBXFileReference; fileEncoding = 4; lastKnownFileType = sourcecode.swift; lineEnding = 0; path = VideoDownload.swift; sourceTree = "<group>"; xcLanguageSpecificationIdentifier = xcode.lang.swift; };
		FA6F81DB1D939455007975FE /* Preferences.swift */ = {isa = PBXFileReference; fileEncoding = 4; lastKnownFileType = sourcecode.swift; path = Preferences.swift; sourceTree = "<group>"; };
		FAB22A7D1BE17D7D0065C0F5 /* AssetLoaderDelegate.swift */ = {isa = PBXFileReference; fileEncoding = 4; lastKnownFileType = sourcecode.swift; lineEnding = 0; path = AssetLoaderDelegate.swift; sourceTree = "<group>"; xcLanguageSpecificationIdentifier = xcode.lang.swift; };
		FAC36F301BE1756D007F2A20 /* AppDelegate.swift */ = {isa = PBXFileReference; fileEncoding = 4; lastKnownFileType = sourcecode.swift; lineEnding = 0; path = AppDelegate.swift; sourceTree = "<group>"; xcLanguageSpecificationIdentifier = xcode.lang.swift; };
		FAC36F321BE1756D007F2A20 /* Assets.xcassets */ = {isa = PBXFileReference; lastKnownFileType = folder.assetcatalog; path = Assets.xcassets; sourceTree = "<group>"; };
		FAC36F341BE1756D007F2A20 /* Base */ = {isa = PBXFileReference; lastKnownFileType = file.xib; name = Base; path = Base.lproj/MainMenu.xib; sourceTree = "<group>"; };
		FAC36F351BE1756D007F2A20 /* Info.plist */ = {isa = PBXFileReference; fileEncoding = 4; lastKnownFileType = text.plist.xml; path = Info.plist; sourceTree = "<group>"; };
		FAC36F371BE1756D007F2A20 /* icon-day.pdf */ = {isa = PBXFileReference; lastKnownFileType = image.pdf; path = "icon-day.pdf"; sourceTree = "<group>"; };
		FAC36F381BE1756D007F2A20 /* icon-night.pdf */ = {isa = PBXFileReference; lastKnownFileType = image.pdf; path = "icon-night.pdf"; sourceTree = "<group>"; };
		FAC36F3A1BE1756D007F2A20 /* PreferencesWindow.xib */ = {isa = PBXFileReference; fileEncoding = 4; lastKnownFileType = file.xib; path = PreferencesWindow.xib; sourceTree = "<group>"; };
		FAC36F3E1BE1756D007F2A20 /* PreferencesWindowController.swift */ = {isa = PBXFileReference; fileEncoding = 4; lastKnownFileType = sourcecode.swift; lineEnding = 0; path = PreferencesWindowController.swift; sourceTree = "<group>"; xcLanguageSpecificationIdentifier = xcode.lang.swift; };
		FAC36F401BE1756D007F2A20 /* AerialVideo.swift */ = {isa = PBXFileReference; fileEncoding = 4; lastKnownFileType = sourcecode.swift; lineEnding = 0; path = AerialVideo.swift; sourceTree = "<group>"; xcLanguageSpecificationIdentifier = xcode.lang.swift; };
		FAC36F431BE1756D007F2A20 /* AerialView.swift */ = {isa = PBXFileReference; fileEncoding = 4; lastKnownFileType = sourcecode.swift; lineEnding = 0; path = AerialView.swift; sourceTree = "<group>"; xcLanguageSpecificationIdentifier = xcode.lang.swift; };
		FAC36F441BE1756D007F2A20 /* CheckCellView.swift */ = {isa = PBXFileReference; fileEncoding = 4; lastKnownFileType = sourcecode.swift; lineEnding = 0; path = CheckCellView.swift; sourceTree = "<group>"; xcLanguageSpecificationIdentifier = xcode.lang.swift; };
		FAC36F661BE1778C007F2A20 /* ManifestLoader.swift */ = {isa = PBXFileReference; fileEncoding = 4; lastKnownFileType = sourcecode.swift; lineEnding = 0; path = ManifestLoader.swift; sourceTree = "<group>"; xcLanguageSpecificationIdentifier = xcode.lang.swift; };
		FACAF1A51BD9FC6000E539DC /* AerialClassic.saver */ = {isa = PBXFileReference; explicitFileType = wrapper.cfbundle; includeInIndex = 0; path = AerialClassic.saver; sourceTree = BUILT_PRODUCTS_DIR; };
		FAF450201BE2B45D00C1F98A /* VideoLoader.swift */ = {isa = PBXFileReference; fileEncoding = 4; lastKnownFileType = sourcecode.swift; lineEnding = 0; path = VideoLoader.swift; sourceTree = "<group>"; xcLanguageSpecificationIdentifier = xcode.lang.swift; };
		FAF450231BE2D2FD00C1F98A /* VideoCache.swift */ = {isa = PBXFileReference; fileEncoding = 4; lastKnownFileType = sourcecode.swift; lineEnding = 0; path = VideoCache.swift; sourceTree = "<group>"; xcLanguageSpecificationIdentifier = xcode.lang.swift; };
/* End PBXFileReference section */

/* Begin PBXFrameworksBuildPhase section */
		194417FF274160ED00EF4E3B /* Frameworks */ = {
			isa = PBXFrameworksBuildPhase;
			buildActionMask = 2147483647;
			files = (
			);
			runOnlyForDeploymentPostprocessing = 0;
		};
		FACAF1A11BD9FC6000E539DC /* Frameworks */ = {
			isa = PBXFrameworksBuildPhase;
			buildActionMask = 2147483647;
			files = (
				03510C732185EF76008F74F2 /* CoreLocation.framework in Frameworks */,
				03510C6C21834EFF008F74F2 /* IOKit.framework in Frameworks */,
			);
			runOnlyForDeploymentPostprocessing = 0;
		};
/* End PBXFrameworksBuildPhase section */

/* Begin PBXGroup section */
		0306336623A1010800046A59 /* Layers */ = {
			isa = PBXGroup;
			children = (
				03BF51BB23A2643C008AD373 /* LayerManager.swift */,
				0306336A23A142FA00046A59 /* LayerOffsets.swift */,
				0345872C2449C52F00C97D1B /* AnimatableLayer.swift */,
				034587312449D8EB00C97D1B /* AnimationLayer.swift */,
				0306336D23A15FA900046A59 /* AnimationTextLayer.swift */,
				030A0F28245C7C7D009E1D97 /* BatteryIconLayer.swift */,
				0306336723A1012200046A59 /* LocationLayer.swift */,
				03BF51BE23A274CA008AD373 /* MessageLayer.swift */,
				03BF51C123A2978B008AD373 /* ClockLayer.swift */,
				03FA49B62428F84500863AF6 /* DateLayer.swift */,
				036A57D423F30DD00009DC02 /* UpdatesLayer.swift */,
				036A57DA23F5820A0009DC02 /* CountdownLayer.swift */,
				03FA49A02423DA1F00863AF6 /* TimerLayer.swift */,
			);
			path = Layers;
			sourceTree = "<group>";
		};
		034F29B523A7A8E1004B34D5 /* PrefPanel */ = {
			isa = PBXGroup;
			children = (
				FAC36F441BE1756D007F2A20 /* CheckCellView.swift */,
				03D1E78622842FB300D10CF7 /* DisplayView.swift */,
				034F29B623A7A93D004B34D5 /* InfoTableSource.swift */,
				0354D0E823F6C31800D86F9E /* InfoSettingsTableSource.swift */,
				038C584623A9304800224630 /* InfoContainerView.swift */,
				038C584923A9394000224630 /* InfoCommonView.swift */,
				03A596D823AB8F000097EA66 /* InfoLocationView.swift */,
				03A596D223AA750F0097EA66 /* InfoMessageView.swift */,
				03A596D423AA752F0097EA66 /* InfoClockView.swift */,
				038D2EE323B6565900CD91F7 /* InfoBatteryView.swift */,
				036A57D723F470940009DC02 /* InfoCountdownView.swift */,
				0354D0EB23F6CB7B00D86F9E /* InfoSettingsView.swift */,
				030DDA8F2423C3BE0072D5C9 /* InfoTimerView.swift */,
				03FA49B32428EE3300863AF6 /* InfoDateView.swift */,
			);
			path = PrefPanel;
			sourceTree = "<group>";
		};
		034F29BA23A7D516004B34D5 /* Prefs */ = {
			isa = PBXGroup;
			children = (
				FA6F81DB1D939455007975FE /* Preferences.swift */,
				034F29BE23A7E28E004B34D5 /* PrefsInfo.swift */,
				038D2EDD23B0FB0D00CD91F7 /* PrefsVideos.swift */,
				0361B9A723D732A300B6252D /* PrefsDisplays.swift */,
				034116D223F9BD3100CD7674 /* PrefsUpdates.swift */,
				03A4A80D2451D04C00A1F7A3 /* PrefsAdvanced.swift */,
			);
			path = Prefs;
			sourceTree = "<group>";
		};
		03608A1122A54921008F08A2 /* PWC Tabs */ = {
			isa = PBXGroup;
			children = (
				03608A0F22A54887008F08A2 /* PWC+Videos.swift */,
				03608A1322A559F6008F08A2 /* PWC+Displays.swift */,
				034F29B323A7A79B004B34D5 /* PWC+Info.swift */,
				03608A1F22A55BC2008F08A2 /* PWC+Cache.swift */,
				03608A2222A55BF1008F08A2 /* PWC+Updates.swift */,
				03608A2522A55C03008F08A2 /* PWC+Advanced.swift */,
				03608A2822A56094008F08A2 /* PWC+LogPanel.swift */,
			);
			path = "PWC Tabs";
			sourceTree = "<group>";
		};
		03958347217F43FF008E8F9C /* Time */ = {
			isa = PBXGroup;
			children = (
				03510C6E21834F38008F74F2 /* IOBridge.m */,
				03510C6D21834F38008F74F2 /* Aerial-Bridging-Header.h */,
			);
			path = Time;
			sourceTree = "<group>";
		};
		03D1E78D22848F6D00D10CF7 /* Screenshots */ = {
			isa = PBXGroup;
			children = (
				03D1E79022848F7F00D10CF7 /* screen0.jpg */,
				03D1E78F22848F7F00D10CF7 /* screen1.jpg */,
				03D1E78E22848F7F00D10CF7 /* screen2.jpg */,
			);
			path = Screenshots;
			sourceTree = "<group>";
		};
		03E8730D216501B3002B469B /* Downloads */ = {
			isa = PBXGroup;
			children = (
				03E8730B2165013C002B469B /* DownloadManager.swift */,
				03E8730E216501ED002B469B /* AsynchronousOperation.swift */,
			);
			path = Downloads;
			sourceTree = "<group>";
		};
		F008DAFB23AADC8E00739DE1 /* Hardware */ = {
			isa = PBXGroup;
			children = (
				03D1E7892284471A00D10CF7 /* DisplayDetection.swift */,
				03608A2B22A56465008F08A2 /* HardwareDetection.swift */,
				032D1160239A7D82007E7756 /* Battery.swift */,
				F00864B323AAE7F0003210EF /* DarkMode.swift */,
				F00864B623AAE8E9003210EF /* NightShift.swift */,
			);
			path = Hardware;
			sourceTree = "<group>";
		};
		FA2D7AA01BDD849E009EA54C /* Frameworks */ = {
			isa = PBXGroup;
			children = (
				03510C722185EF76008F74F2 /* CoreLocation.framework */,
				03510C6A21834EB2008F74F2 /* IOKit.framework */,
				FA143CE51BDA3EEF0041A82B /* AVKit.framework */,
			);
			name = Frameworks;
			sourceTree = "<group>";
		};
		FAC36F2F1BE1756D007F2A20 /* App */ = {
			isa = PBXGroup;
			children = (
				FAC36F301BE1756D007F2A20 /* AppDelegate.swift */,
				FAC36F311BE1756D007F2A20 /* Resources */,
			);
			name = App;
			path = Aerial/App;
			sourceTree = "<group>";
		};
		FAC36F311BE1756D007F2A20 /* Resources */ = {
			isa = PBXGroup;
			children = (
				FAC36F321BE1756D007F2A20 /* Assets.xcassets */,
				FAC36F331BE1756D007F2A20 /* MainMenu.xib */,
				FAC36F351BE1756D007F2A20 /* Info.plist */,
			);
			path = Resources;
			sourceTree = "<group>";
		};
		FAC36F361BE1756D007F2A20 /* Resources */ = {
			isa = PBXGroup;
			children = (
				030A0F0C245C7924009E1D97 /* battery.0.pdf */,
				0387CA3F245DC7A4000A7095 /* bolt.fill.pdf */,
				03D1E78D22848F6D00D10CF7 /* Screenshots */,
				033D62AA216CADCD00F3AF83 /* icon-day-dark.pdf */,
				03A42A9B2449F601003B3012 /* purple_retina.png */,
				03A42A822449F5EA003B3012 /* white_retina.png */,
				FAC36F371BE1756D007F2A20 /* icon-day.pdf */,
				FAC36F381BE1756D007F2A20 /* icon-night.pdf */,
				033D62AE216CAE2C00F3AF83 /* icon-night-dark.pdf */,
				0395835221807D1F008E8F9C /* thumbnail.png */,
				0395835121807D1F008E8F9C /* thumbnail@2x.png */,
				FAC36F3A1BE1756D007F2A20 /* PreferencesWindow.xib */,
				190CD3D92743336600DF1750 /* missingvideos-tvos12.json */,
			);
			path = Resources;
			sourceTree = "<group>";
		};
		FAC36F3C1BE1756D007F2A20 /* Source */ = {
			isa = PBXGroup;
			children = (
				FAC36F3D1BE1756D007F2A20 /* Controllers */,
				FAC36F3F1BE1756D007F2A20 /* Models */,
				FAC36F421BE1756D007F2A20 /* Views */,
			);
			name = Source;
			path = Aerial/Source;
			sourceTree = "<group>";
		};
		FAC36F3D1BE1756D007F2A20 /* Controllers */ = {
			isa = PBXGroup;
			children = (
				03608A1122A54921008F08A2 /* PWC Tabs */,
				FAC36F3E1BE1756D007F2A20 /* PreferencesWindowController.swift */,
			);
			path = Controllers;
			sourceTree = "<group>";
		};
		FAC36F3F1BE1756D007F2A20 /* Models */ = {
			isa = PBXGroup;
			children = (
				F008DAFB23AADC8E00739DE1 /* Hardware */,
				034F29BA23A7D516004B34D5 /* Prefs */,
				03958347217F43FF008E8F9C /* Time */,
				03E8730D216501B3002B469B /* Downloads */,
				FAC36F411BE1756D007F2A20 /* Cache */,
				FAC36F621BE17701007F2A20 /* Extensions */,
				FAC36F401BE1756D007F2A20 /* AerialVideo.swift */,
				FAC36F661BE1778C007F2A20 /* ManifestLoader.swift */,
				03893CB2217749F0008E7125 /* ErrorLog.swift */,
			);
			path = Models;
			sourceTree = "<group>";
		};
		FAC36F411BE1756D007F2A20 /* Cache */ = {
			isa = PBXGroup;
			children = (
				FAB22A7D1BE17D7D0065C0F5 /* AssetLoaderDelegate.swift */,
				FAF450201BE2B45D00C1F98A /* VideoLoader.swift */,
				FAF450231BE2D2FD00C1F98A /* VideoCache.swift */,
				FA36BD3E1BE57F8E00D5E03B /* VideoDownload.swift */,
				03A2CB9B216BA9AF0061E8E8 /* VideoManager.swift */,
				03233B67217272640077D3F9 /* PoiStringProvider.swift */,
			);
			path = Cache;
			sourceTree = "<group>";
		};
		FAC36F421BE1756D007F2A20 /* Views */ = {
			isa = PBXGroup;
			children = (
				034F29B523A7A8E1004B34D5 /* PrefPanel */,
				0306336623A1010800046A59 /* Layers */,
				FAC36F431BE1756D007F2A20 /* AerialView.swift */,
				035D524E239AA31A00DC29DC /* AerialView+Player.swift */,
				AA7E2E5D1FC62E8B00E5F320 /* AerialPlayerItem.swift */,
			);
			path = Views;
			sourceTree = "<group>";
		};
		FAC36F621BE17701007F2A20 /* Extensions */ = {
			isa = PBXGroup;
			children = (
				039385792175D4B80040B850 /* AVPlayerViewExtension.swift */,
				03A4A80A2451CE2C00A1F7A3 /* NSImage+trim.swift */,
			);
			path = Extensions;
			sourceTree = "<group>";
		};
		FACAF19B1BD9FC6000E539DC = {
			isa = PBXGroup;
			children = (
				03DAD472229EC031000DA6D1 /* Readme.md */,
				FAC36F2F1BE1756D007F2A20 /* App */,
				FAC36F361BE1756D007F2A20 /* Resources */,
				FAC36F3C1BE1756D007F2A20 /* Source */,
				FA2D7AA01BDD849E009EA54C /* Frameworks */,
				FACAF1A61BD9FC6000E539DC /* Products */,
			);
			sourceTree = "<group>";
		};
		FACAF1A61BD9FC6000E539DC /* Products */ = {
			isa = PBXGroup;
			children = (
				FACAF1A51BD9FC6000E539DC /* AerialClassic.saver */,
				19441802274160ED00EF4E3B /* TestPreferences.app */,
			);
			name = Products;
			sourceTree = "<group>";
		};
/* End PBXGroup section */

/* Begin PBXHeadersBuildPhase section */
		FACAF1A21BD9FC6000E539DC /* Headers */ = {
			isa = PBXHeadersBuildPhase;
			buildActionMask = 2147483647;
			files = (
				03510C7021834FC3008F74F2 /* Aerial-Bridging-Header.h in Headers */,
			);
			runOnlyForDeploymentPostprocessing = 0;
		};
/* End PBXHeadersBuildPhase section */

/* Begin PBXNativeTarget section */
		19441801274160ED00EF4E3B /* TestPreferences */ = {
			isa = PBXNativeTarget;
			buildConfigurationList = 1944180E274160EF00EF4E3B /* Build configuration list for PBXNativeTarget "TestPreferences" */;
			buildPhases = (
				194417FE274160ED00EF4E3B /* Sources */,
				194417FF274160ED00EF4E3B /* Frameworks */,
				19441800274160ED00EF4E3B /* Resources */,
			);
			buildRules = (
			);
			dependencies = (
			);
			name = TestPreferences;
			productName = TestPreferences;
			productReference = 19441802274160ED00EF4E3B /* TestPreferences.app */;
			productType = "com.apple.product-type.application";
		};
		FACAF1A41BD9FC6000E539DC /* AerialClassic */ = {
			isa = PBXNativeTarget;
			buildConfigurationList = FACAF1AF1BD9FC6000E539DC /* Build configuration list for PBXNativeTarget "AerialClassic" */;
			buildPhases = (
				FACAF1A01BD9FC6000E539DC /* Sources */,
				FACAF1A11BD9FC6000E539DC /* Frameworks */,
				FACAF1A21BD9FC6000E539DC /* Headers */,
				FACAF1A31BD9FC6000E539DC /* Resources */,
				034116CE23F9AD0100CD7674 /* Embed Frameworks */,
			);
			buildRules = (
			);
			dependencies = (
			);
			name = AerialClassic;
			productName = Aerial;
			productReference = FACAF1A51BD9FC6000E539DC /* AerialClassic.saver */;
			productType = "com.apple.product-type.bundle";
		};
/* End PBXNativeTarget section */

/* Begin PBXProject section */
		FACAF19C1BD9FC6000E539DC /* Project object */ = {
			isa = PBXProject;
			attributes = {
				LastSwiftUpdateCheck = 1310;
				LastUpgradeCheck = 1010;
				ORGANIZATIONNAME = "Guillaume Louel";
				TargetAttributes = {
					19441801274160ED00EF4E3B = {
						CreatedOnToolsVersion = 13.1;
						DevelopmentTeam = GP676945VL;
						ProvisioningStyle = Automatic;
					};
					FACAF1A41BD9FC6000E539DC = {
						CreatedOnToolsVersion = 7.0;
						DevelopmentTeam = GP676945VL;
						LastSwiftMigration = 1020;
						ProvisioningStyle = Automatic;
					};
				};
			};
			buildConfigurationList = FACAF19F1BD9FC6000E539DC /* Build configuration list for PBXProject "Aerial" */;
			compatibilityVersion = "Xcode 3.2";
			developmentRegion = en;
			hasScannedForEncodings = 0;
			knownRegions = (
				en,
				Base,
			);
			mainGroup = FACAF19B1BD9FC6000E539DC;
			productRefGroup = FACAF1A61BD9FC6000E539DC /* Products */;
			projectDirPath = "";
			projectRoot = "";
			targets = (
				FACAF1A41BD9FC6000E539DC /* AerialClassic */,
				19441801274160ED00EF4E3B /* TestPreferences */,
			);
		};
/* End PBXProject section */

/* Begin PBXResourcesBuildPhase section */
		19441800274160ED00EF4E3B /* Resources */ = {
			isa = PBXResourcesBuildPhase;
			buildActionMask = 2147483647;
			files = (
				19D85C6B27416687004782A2 /* icon-day-dark.pdf in Resources */,
				190CD3DB2743336600DF1750 /* missingvideos-tvos12.json in Resources */,
				19D85C7827416696004782A2 /* screen2.jpg in Resources */,
				194418252741627100EF4E3B /* PreferencesWindow.xib in Resources */,
				194418122741619600EF4E3B /* Assets.xcassets in Resources */,
				19D85C6527416673004782A2 /* thumbnail.png in Resources */,
				19D85C6627416678004782A2 /* icon-night-dark.pdf in Resources */,
				19D85C6427416670004782A2 /* thumbnail@2x.png in Resources */,
				19D85C672741667B004782A2 /* icon-night.pdf in Resources */,
				19D85C7A27416696004782A2 /* screen0.jpg in Resources */,
				19D85C6227416615004782A2 /* MainMenu.xib in Resources */,
				19D85C6927416680004782A2 /* white_retina.png in Resources */,
				19D85C6A27416683004782A2 /* purple_retina.png in Resources */,
				19D85C7927416696004782A2 /* screen1.jpg in Resources */,
				19D85C7B27416699004782A2 /* battery.0.pdf in Resources */,
				19D85C682741667D004782A2 /* icon-day.pdf in Resources */,
				19D85C7C27416699004782A2 /* bolt.fill.pdf in Resources */,
			);
			runOnlyForDeploymentPostprocessing = 0;
		};
		FACAF1A31BD9FC6000E539DC /* Resources */ = {
			isa = PBXResourcesBuildPhase;
			buildActionMask = 2147483647;
			files = (
				FAC36F531BE1756D007F2A20 /* PreferencesWindow.xib in Resources */,
				190CD3DA2743336600DF1750 /* missingvideos-tvos12.json in Resources */,
				03A42A992449F5EA003B3012 /* white_retina.png in Resources */,
				03D1E79122848F7F00D10CF7 /* screen2.jpg in Resources */,
				FAC36F4D1BE1756D007F2A20 /* icon-day.pdf in Resources */,
				0387CA40245DC7A5000A7095 /* bolt.fill.pdf in Resources */,
				030A0F23245C7924009E1D97 /* battery.0.pdf in Resources */,
				033D62AB216CADCD00F3AF83 /* icon-day-dark.pdf in Resources */,
				03D1E79722848F7F00D10CF7 /* screen0.jpg in Resources */,
				0395835321807D1F008E8F9C /* thumbnail@2x.png in Resources */,
				0395835521807D1F008E8F9C /* thumbnail.png in Resources */,
				03D1E79422848F7F00D10CF7 /* screen1.jpg in Resources */,
				033D62AF216CAE2C00F3AF83 /* icon-night-dark.pdf in Resources */,
				FAC36F4F1BE1756D007F2A20 /* icon-night.pdf in Resources */,
				03A42A9C2449F602003B3012 /* purple_retina.png in Resources */,
			);
			runOnlyForDeploymentPostprocessing = 0;
		};
/* End PBXResourcesBuildPhase section */

/* Begin PBXSourcesBuildPhase section */
		194417FE274160ED00EF4E3B /* Sources */ = {
			isa = PBXSourcesBuildPhase;
			buildActionMask = 2147483647;
			files = (
				194418272741628700EF4E3B /* DarkMode.swift in Sources */,
				194418182741621E00EF4E3B /* PWC+LogPanel.swift in Sources */,
				19441833274162AF00EF4E3B /* CheckCellView.swift in Sources */,
				1944182C274162AF00EF4E3B /* InfoTimerView.swift in Sources */,
				19441830274162AF00EF4E3B /* InfoClockView.swift in Sources */,
				194418132741620600EF4E3B /* PreferencesWindowController.swift in Sources */,
				194418192741621E00EF4E3B /* PWC+Videos.swift in Sources */,
				19441838274162AF00EF4E3B /* InfoSettingsView.swift in Sources */,
				19441862274163A800EF4E3B /* DownloadManager.swift in Sources */,
				1944183E274162B500EF4E3B /* UpdatesLayer.swift in Sources */,
				1944185A274162D700EF4E3B /* ErrorLog.swift in Sources */,
				1944184A274162B500EF4E3B /* AerialView+Player.swift in Sources */,
				19441849274162B500EF4E3B /* LayerManager.swift in Sources */,
				19441859274162D700EF4E3B /* ManifestLoader.swift in Sources */,
				1944184F274162CE00EF4E3B /* VideoLoader.swift in Sources */,
				19441843274162B500EF4E3B /* ClockLayer.swift in Sources */,
				1944181D2741623D00EF4E3B /* PrefsDisplays.swift in Sources */,
				1944182A2741628700EF4E3B /* DisplayDetection.swift in Sources */,
				19441841274162B500EF4E3B /* AerialPlayerItem.swift in Sources */,
				194418212741623D00EF4E3B /* PrefsAdvanced.swift in Sources */,
				19441831274162AF00EF4E3B /* InfoMessageView.swift in Sources */,
				1944183C274162B500EF4E3B /* DateLayer.swift in Sources */,
				1944181B2741621E00EF4E3B /* PWC+Cache.swift in Sources */,
				194418602741635900EF4E3B /* IOBridge.m in Sources */,
				194418202741623D00EF4E3B /* PrefsVideos.swift in Sources */,
				19441846274162B500EF4E3B /* LayerOffsets.swift in Sources */,
				19441852274162D200EF4E3B /* NSImage+trim.swift in Sources */,
				19441834274162AF00EF4E3B /* InfoContainerView.swift in Sources */,
				194418232741623D00EF4E3B /* Preferences.swift in Sources */,
				19441845274162B500EF4E3B /* BatteryIconLayer.swift in Sources */,
				1944181F2741623D00EF4E3B /* PrefsUpdates.swift in Sources */,
				19441847274162B500EF4E3B /* CountdownLayer.swift in Sources */,
				19441839274162AF00EF4E3B /* InfoSettingsTableSource.swift in Sources */,
				1944181C2741621E00EF4E3B /* PWC+Updates.swift in Sources */,
				19441832274162AF00EF4E3B /* InfoBatteryView.swift in Sources */,
				194418142741621E00EF4E3B /* PWC+Displays.swift in Sources */,
				1944184B274162CE00EF4E3B /* VideoManager.swift in Sources */,
				1944182F274162AF00EF4E3B /* InfoLocationView.swift in Sources */,
				194418282741628700EF4E3B /* NightShift.swift in Sources */,
				1944182E274162AF00EF4E3B /* InfoCommonView.swift in Sources */,
				19441844274162B500EF4E3B /* AnimatableLayer.swift in Sources */,
				1944182D274162AF00EF4E3B /* InfoTableSource.swift in Sources */,
				1944184E274162CE00EF4E3B /* VideoCache.swift in Sources */,
				1944184C274162CE00EF4E3B /* PoiStringProvider.swift in Sources */,
				19441837274162AF00EF4E3B /* DisplayView.swift in Sources */,
				19441850274162CE00EF4E3B /* VideoDownload.swift in Sources */,
				1944183F274162B500EF4E3B /* AerialView.swift in Sources */,
				19441858274162D700EF4E3B /* AerialVideo.swift in Sources */,
				1944183B274162B500EF4E3B /* TimerLayer.swift in Sources */,
				194418112741617E00EF4E3B /* AppDelegate.swift in Sources */,
				19441864274163C500EF4E3B /* Battery.swift in Sources */,
				194418222741623D00EF4E3B /* PrefsInfo.swift in Sources */,
				1944184D274162CE00EF4E3B /* AssetLoaderDelegate.swift in Sources */,
				1944181A2741621E00EF4E3B /* PWC+Info.swift in Sources */,
				19441863274163A800EF4E3B /* AsynchronousOperation.swift in Sources */,
				19441835274162AF00EF4E3B /* InfoCountdownView.swift in Sources */,
				1944183D274162B500EF4E3B /* LocationLayer.swift in Sources */,
				194418162741621E00EF4E3B /* PWC+Advanced.swift in Sources */,
				19441848274162B500EF4E3B /* MessageLayer.swift in Sources */,
				19441842274162B500EF4E3B /* AnimationLayer.swift in Sources */,
				1944183A274162B500EF4E3B /* AnimationTextLayer.swift in Sources */,
				19441836274162AF00EF4E3B /* InfoDateView.swift in Sources */,
				1944182B2741628700EF4E3B /* HardwareDetection.swift in Sources */,
				19441851274162D200EF4E3B /* AVPlayerViewExtension.swift in Sources */,
			);
			runOnlyForDeploymentPostprocessing = 0;
		};
		FACAF1A01BD9FC6000E539DC /* Sources */ = {
			isa = PBXSourcesBuildPhase;
			buildActionMask = 2147483647;
			files = (
				03D1E78A2284471A00D10CF7 /* DisplayDetection.swift in Sources */,
				0306336B23A142FA00046A59 /* LayerOffsets.swift in Sources */,
				F00864B723AAE8E9003210EF /* NightShift.swift in Sources */,
				FAC36F5D1BE1756D007F2A20 /* CheckCellView.swift in Sources */,
				034116D323F9BD3100CD7674 /* PrefsUpdates.swift in Sources */,
				FAC36F5B1BE1756D007F2A20 /* AerialView.swift in Sources */,
				0393857A2175D4B80040B850 /* AVPlayerViewExtension.swift in Sources */,
				03E8730F216501ED002B469B /* AsynchronousOperation.swift in Sources */,
				03BF51BC23A2643C008AD373 /* LayerManager.swift in Sources */,
				034F29B423A7A79B004B34D5 /* PWC+Info.swift in Sources */,
				03510C6F21834F38008F74F2 /* IOBridge.m in Sources */,
				F00864B423AAE7F0003210EF /* DarkMode.swift in Sources */,
				030DDA902423C3BE0072D5C9 /* InfoTimerView.swift in Sources */,
				03608A1422A559F6008F08A2 /* PWC+Displays.swift in Sources */,
				03BF51BF23A274CA008AD373 /* MessageLayer.swift in Sources */,
				038C584A23A9394000224630 /* InfoCommonView.swift in Sources */,
				FA6F81DC1D939455007975FE /* Preferences.swift in Sources */,
				FAF450241BE2D2FD00C1F98A /* VideoCache.swift in Sources */,
				030A0F29245C7C7D009E1D97 /* BatteryIconLayer.swift in Sources */,
				0361B9A823D732A300B6252D /* PrefsDisplays.swift in Sources */,
				0306336E23A15FA900046A59 /* AnimationTextLayer.swift in Sources */,
				FAC36F571BE1756D007F2A20 /* PreferencesWindowController.swift in Sources */,
				03FA49B42428EE3300863AF6 /* InfoDateView.swift in Sources */,
				FAC36F671BE1778C007F2A20 /* ManifestLoader.swift in Sources */,
				03FA49A12423DA1F00863AF6 /* TimerLayer.swift in Sources */,
				034F29BF23A7E28E004B34D5 /* PrefsInfo.swift in Sources */,
				03BF51C223A2978B008AD373 /* ClockLayer.swift in Sources */,
				FAC36F591BE1756D007F2A20 /* AerialVideo.swift in Sources */,
				03893CB3217749F0008E7125 /* ErrorLog.swift in Sources */,
				0354D0EC23F6CB7B00D86F9E /* InfoSettingsView.swift in Sources */,
				03A4A80B2451CE2C00A1F7A3 /* NSImage+trim.swift in Sources */,
				032D1161239A7D82007E7756 /* Battery.swift in Sources */,
				038D2EE423B6565900CD91F7 /* InfoBatteryView.swift in Sources */,
				03608A2322A55BF1008F08A2 /* PWC+Updates.swift in Sources */,
				03FA49B72428F84500863AF6 /* DateLayer.swift in Sources */,
				AA7E2E5E1FC62E8B00E5F320 /* AerialPlayerItem.swift in Sources */,
				03608A2C22A56465008F08A2 /* HardwareDetection.swift in Sources */,
				03608A1022A54887008F08A2 /* PWC+Videos.swift in Sources */,
				03A596D323AA750F0097EA66 /* InfoMessageView.swift in Sources */,
				03608A2022A55BC2008F08A2 /* PWC+Cache.swift in Sources */,
				03A2CB9C216BA9AF0061E8E8 /* VideoManager.swift in Sources */,
				038C584723A9304800224630 /* InfoContainerView.swift in Sources */,
				035D524F239AA31A00DC29DC /* AerialView+Player.swift in Sources */,
				FAF450211BE2B45D00C1F98A /* VideoLoader.swift in Sources */,
				036A57D523F30DD00009DC02 /* UpdatesLayer.swift in Sources */,
				036A57DB23F5820A0009DC02 /* CountdownLayer.swift in Sources */,
				03D1E78722842FB300D10CF7 /* DisplayView.swift in Sources */,
				03A596D923AB8F000097EA66 /* InfoLocationView.swift in Sources */,
				FAB22A7E1BE17D7D0065C0F5 /* AssetLoaderDelegate.swift in Sources */,
				038D2EDE23B0FB0D00CD91F7 /* PrefsVideos.swift in Sources */,
				0306336823A1012200046A59 /* LocationLayer.swift in Sources */,
				03608A2922A56094008F08A2 /* PWC+LogPanel.swift in Sources */,
				034F29B723A7A93D004B34D5 /* InfoTableSource.swift in Sources */,
				03233B68217272640077D3F9 /* PoiStringProvider.swift in Sources */,
				03A4A80E2451D04C00A1F7A3 /* PrefsAdvanced.swift in Sources */,
				FA36BD3F1BE57F8E00D5E03B /* VideoDownload.swift in Sources */,
				0354D0E923F6C31800D86F9E /* InfoSettingsTableSource.swift in Sources */,
				03E8730C2165013C002B469B /* DownloadManager.swift in Sources */,
				03608A2622A55C03008F08A2 /* PWC+Advanced.swift in Sources */,
				036A57D823F470940009DC02 /* InfoCountdownView.swift in Sources */,
				034587322449D8EB00C97D1B /* AnimationLayer.swift in Sources */,
				0345872D2449C52F00C97D1B /* AnimatableLayer.swift in Sources */,
				03A596D523AA752F0097EA66 /* InfoClockView.swift in Sources */,
			);
			runOnlyForDeploymentPostprocessing = 0;
		};
/* End PBXSourcesBuildPhase section */

/* Begin PBXVariantGroup section */
		FAC36F331BE1756D007F2A20 /* MainMenu.xib */ = {
			isa = PBXVariantGroup;
			children = (
				FAC36F341BE1756D007F2A20 /* Base */,
			);
			name = MainMenu.xib;
			sourceTree = "<group>";
		};
/* End PBXVariantGroup section */

/* Begin XCBuildConfiguration section */
		1944180F274160EF00EF4E3B /* Debug */ = {
			isa = XCBuildConfiguration;
			buildSettings = {
				ASSETCATALOG_COMPILER_APPICON_NAME = AppIcon;
				ASSETCATALOG_COMPILER_GLOBAL_ACCENT_COLOR_NAME = AccentColor;
				CLANG_ANALYZER_NONNULL = YES;
				CLANG_ANALYZER_NUMBER_OBJECT_CONVERSION = YES_AGGRESSIVE;
				CLANG_CXX_LANGUAGE_STANDARD = "gnu++17";
				CLANG_ENABLE_OBJC_WEAK = YES;
				CLANG_WARN_DOCUMENTATION_COMMENTS = YES;
				CLANG_WARN_QUOTED_INCLUDE_IN_FRAMEWORK_HEADER = YES;
				CLANG_WARN_UNGUARDED_AVAILABILITY = YES_AGGRESSIVE;
				CODE_SIGN_STYLE = Automatic;
				COMBINE_HIDPI_IMAGES = YES;
				CURRENT_PROJECT_VERSION = 14;
				DEVELOPMENT_TEAM = GP676945VL;
				ENABLE_HARDENED_RUNTIME = YES;
				GCC_C_LANGUAGE_STANDARD = gnu11;
				GENERATE_INFOPLIST_FILE = YES;
				INFOPLIST_FILE = "$(SRCROOT)/Aerial/App/Resources/Info.plist";
				INFOPLIST_KEY_LSApplicationCategoryType = "public.app-category.utilities";
				INFOPLIST_KEY_NSHumanReadableCopyright = "Copyright © 2015 John Coates. All rights reserved.";
				INFOPLIST_KEY_NSLocationAlwaysUsageDescription = "Aerial uses location services to calculate Sunset and Sunrise times from your position";
				INFOPLIST_KEY_NSLocationWhenInUseUsageDescription = "Aerial uses location services to calculate Sunset and Sunrise times from your position";
				INFOPLIST_KEY_NSMainNibFile = MainMenu;
				INFOPLIST_KEY_NSPrincipalClass = NSApplication;
				INFOPLIST_KEY_UIMainStoryboardFile = "";
				LD_RUNPATH_SEARCH_PATHS = "$(inherited) @executable_path/../Frameworks";
				MACOSX_DEPLOYMENT_TARGET = 14.0;
				MARKETING_VERSION = 1.0.0beta4;
				MTL_ENABLE_DEBUG_INFO = INCLUDE_SOURCE;
				MTL_FAST_MATH = YES;
				PRODUCT_BUNDLE_IDENTIFIER = hu.czo.TestPreferences;
				PRODUCT_NAME = "$(TARGET_NAME)";
				SWIFT_ACTIVE_COMPILATION_CONDITIONS = DEBUG;
				SWIFT_EMIT_LOC_STRINGS = YES;
				SWIFT_OPTIMIZATION_LEVEL = "-Onone";
				SWIFT_VERSION = 5.0;
			};
			name = Debug;
		};
		19441810274160EF00EF4E3B /* Release */ = {
			isa = XCBuildConfiguration;
			buildSettings = {
				ASSETCATALOG_COMPILER_APPICON_NAME = AppIcon;
				ASSETCATALOG_COMPILER_GLOBAL_ACCENT_COLOR_NAME = AccentColor;
				CLANG_ANALYZER_NONNULL = YES;
				CLANG_ANALYZER_NUMBER_OBJECT_CONVERSION = YES_AGGRESSIVE;
				CLANG_CXX_LANGUAGE_STANDARD = "gnu++17";
				CLANG_ENABLE_OBJC_WEAK = YES;
				CLANG_WARN_DOCUMENTATION_COMMENTS = YES;
				CLANG_WARN_QUOTED_INCLUDE_IN_FRAMEWORK_HEADER = YES;
				CLANG_WARN_UNGUARDED_AVAILABILITY = YES_AGGRESSIVE;
				CODE_SIGN_STYLE = Automatic;
				COMBINE_HIDPI_IMAGES = YES;
				CURRENT_PROJECT_VERSION = 14;
				DEVELOPMENT_TEAM = GP676945VL;
				ENABLE_HARDENED_RUNTIME = YES;
				GCC_C_LANGUAGE_STANDARD = gnu11;
				GENERATE_INFOPLIST_FILE = YES;
				INFOPLIST_FILE = "$(SRCROOT)/Aerial/App/Resources/Info.plist";
				INFOPLIST_KEY_LSApplicationCategoryType = "public.app-category.utilities";
				INFOPLIST_KEY_NSHumanReadableCopyright = "Copyright © 2015 John Coates. All rights reserved.";
				INFOPLIST_KEY_NSLocationAlwaysUsageDescription = "Aerial uses location services to calculate Sunset and Sunrise times from your position";
				INFOPLIST_KEY_NSLocationWhenInUseUsageDescription = "Aerial uses location services to calculate Sunset and Sunrise times from your position";
				INFOPLIST_KEY_NSMainNibFile = MainMenu;
				INFOPLIST_KEY_NSPrincipalClass = NSApplication;
				INFOPLIST_KEY_UIMainStoryboardFile = "";
				LD_RUNPATH_SEARCH_PATHS = "$(inherited) @executable_path/../Frameworks";
				MACOSX_DEPLOYMENT_TARGET = 14.0;
				MARKETING_VERSION = 1.0.0beta4;
				MTL_FAST_MATH = YES;
				PRODUCT_BUNDLE_IDENTIFIER = hu.czo.TestPreferences;
				PRODUCT_NAME = "$(TARGET_NAME)";
				SWIFT_EMIT_LOC_STRINGS = YES;
				SWIFT_VERSION = 5.0;
			};
			name = Release;
		};
		FACAF1AD1BD9FC6000E539DC /* Debug */ = {
			isa = XCBuildConfiguration;
			buildSettings = {
				ALWAYS_SEARCH_USER_PATHS = NO;
				CLANG_CXX_LANGUAGE_STANDARD = "gnu++0x";
				CLANG_CXX_LIBRARY = "libc++";
				CLANG_ENABLE_MODULES = YES;
				CLANG_ENABLE_OBJC_ARC = YES;
				CLANG_WARN_BLOCK_CAPTURE_AUTORELEASING = YES;
				CLANG_WARN_BOOL_CONVERSION = YES;
				CLANG_WARN_COMMA = YES;
				CLANG_WARN_CONSTANT_CONVERSION = YES;
				CLANG_WARN_DEPRECATED_OBJC_IMPLEMENTATIONS = YES;
				CLANG_WARN_DIRECT_OBJC_ISA_USAGE = YES_ERROR;
				CLANG_WARN_EMPTY_BODY = YES;
				CLANG_WARN_ENUM_CONVERSION = YES;
				CLANG_WARN_INFINITE_RECURSION = YES;
				CLANG_WARN_INT_CONVERSION = YES;
				CLANG_WARN_NON_LITERAL_NULL_CONVERSION = YES;
				CLANG_WARN_OBJC_IMPLICIT_RETAIN_SELF = YES;
				CLANG_WARN_OBJC_LITERAL_CONVERSION = YES;
				CLANG_WARN_OBJC_ROOT_CLASS = YES_ERROR;
				CLANG_WARN_RANGE_LOOP_ANALYSIS = YES;
				CLANG_WARN_STRICT_PROTOTYPES = YES;
				CLANG_WARN_SUSPICIOUS_MOVE = YES;
				CLANG_WARN_UNREACHABLE_CODE = YES;
				CLANG_WARN__DUPLICATE_METHOD_MATCH = YES;
				COPY_PHASE_STRIP = NO;
				DEBUG_INFORMATION_FORMAT = dwarf;
				ENABLE_HARDENED_RUNTIME = YES;
				ENABLE_STRICT_OBJC_MSGSEND = YES;
				ENABLE_TESTABILITY = YES;
				GCC_C_LANGUAGE_STANDARD = gnu99;
				GCC_DYNAMIC_NO_PIC = NO;
				GCC_NO_COMMON_BLOCKS = YES;
				GCC_OPTIMIZATION_LEVEL = 0;
				GCC_PREPROCESSOR_DEFINITIONS = (
					"DEBUG=1",
					"$(inherited)",
				);
				GCC_WARN_64_TO_32_BIT_CONVERSION = YES;
				GCC_WARN_ABOUT_RETURN_TYPE = YES_ERROR;
				GCC_WARN_UNDECLARED_SELECTOR = YES;
				GCC_WARN_UNINITIALIZED_AUTOS = YES_AGGRESSIVE;
				GCC_WARN_UNUSED_FUNCTION = YES;
				GCC_WARN_UNUSED_VARIABLE = YES;
				MACOSX_DEPLOYMENT_TARGET = 10.12;
				MTL_ENABLE_DEBUG_INFO = YES;
				ONLY_ACTIVE_ARCH = YES;
				OTHER_CODE_SIGN_FLAGS = "--timestamp";
				OTHER_SWIFT_FLAGS = "-D DEBUG";
				SDKROOT = macosx;
				SWIFT_VERSION = "";
			};
			name = Debug;
		};
		FACAF1AE1BD9FC6000E539DC /* Release */ = {
			isa = XCBuildConfiguration;
			buildSettings = {
				ALWAYS_SEARCH_USER_PATHS = NO;
				CLANG_CXX_LANGUAGE_STANDARD = "gnu++0x";
				CLANG_CXX_LIBRARY = "libc++";
				CLANG_ENABLE_MODULES = YES;
				CLANG_ENABLE_OBJC_ARC = YES;
				CLANG_WARN_BLOCK_CAPTURE_AUTORELEASING = YES;
				CLANG_WARN_BOOL_CONVERSION = YES;
				CLANG_WARN_COMMA = YES;
				CLANG_WARN_CONSTANT_CONVERSION = YES;
				CLANG_WARN_DEPRECATED_OBJC_IMPLEMENTATIONS = YES;
				CLANG_WARN_DIRECT_OBJC_ISA_USAGE = YES_ERROR;
				CLANG_WARN_EMPTY_BODY = YES;
				CLANG_WARN_ENUM_CONVERSION = YES;
				CLANG_WARN_INFINITE_RECURSION = YES;
				CLANG_WARN_INT_CONVERSION = YES;
				CLANG_WARN_NON_LITERAL_NULL_CONVERSION = YES;
				CLANG_WARN_OBJC_IMPLICIT_RETAIN_SELF = YES;
				CLANG_WARN_OBJC_LITERAL_CONVERSION = YES;
				CLANG_WARN_OBJC_ROOT_CLASS = YES_ERROR;
				CLANG_WARN_RANGE_LOOP_ANALYSIS = YES;
				CLANG_WARN_STRICT_PROTOTYPES = YES;
				CLANG_WARN_SUSPICIOUS_MOVE = YES;
				CLANG_WARN_UNREACHABLE_CODE = YES;
				CLANG_WARN__DUPLICATE_METHOD_MATCH = YES;
				COPY_PHASE_STRIP = NO;
				DEBUG_INFORMATION_FORMAT = "dwarf-with-dsym";
				ENABLE_HARDENED_RUNTIME = YES;
				ENABLE_NS_ASSERTIONS = NO;
				ENABLE_STRICT_OBJC_MSGSEND = YES;
				GCC_C_LANGUAGE_STANDARD = gnu99;
				GCC_NO_COMMON_BLOCKS = YES;
				GCC_WARN_64_TO_32_BIT_CONVERSION = YES;
				GCC_WARN_ABOUT_RETURN_TYPE = YES_ERROR;
				GCC_WARN_UNDECLARED_SELECTOR = YES;
				GCC_WARN_UNINITIALIZED_AUTOS = YES_AGGRESSIVE;
				GCC_WARN_UNUSED_FUNCTION = YES;
				GCC_WARN_UNUSED_VARIABLE = YES;
				MACOSX_DEPLOYMENT_TARGET = 10.12;
				MTL_ENABLE_DEBUG_INFO = NO;
				OTHER_CODE_SIGN_FLAGS = "--timestamp";
				SDKROOT = macosx;
				SWIFT_OPTIMIZATION_LEVEL = "-Owholemodule";
				SWIFT_VERSION = "";
			};
			name = Release;
		};
		FACAF1B01BD9FC6000E539DC /* Debug */ = {
			isa = XCBuildConfiguration;
			buildSettings = {
				ALWAYS_EMBED_SWIFT_STANDARD_LIBRARIES = YES;
				CLANG_ALLOW_NON_MODULAR_INCLUDES_IN_FRAMEWORK_MODULES = NO;
				CLANG_ENABLE_MODULES = YES;
				CODE_SIGN_IDENTITY = "Apple Development";
				CODE_SIGN_STYLE = Automatic;
				COMBINE_HIDPI_IMAGES = YES;
				CURRENT_PROJECT_VERSION = 14;
				DEFINES_MODULE = YES;
				DEVELOPMENT_TEAM = GP676945VL;
				ENABLE_HARDENED_RUNTIME = YES;
				INFOPLIST_FILE = "$(SRCROOT)/Resources/Info.plist";
				INSTALL_PATH = "$(HOME)/Library/Screen Savers";
				LD_RUNPATH_SEARCH_PATHS = "$(inherited) @executable_path/../Frameworks @loader_path/../Frameworks";
				MACOSX_DEPLOYMENT_TARGET = 10.13;
				MARKETING_VERSION = 1.0.0beta5;
				PRODUCT_BUNDLE_IDENTIFIER = hu.czo.Aerial;
				PRODUCT_NAME = "$(TARGET_NAME)";
				PROVISIONING_PROFILE_SPECIFIER = "";
				SWIFT_OBJC_BRIDGING_HEADER = "Aerial/Source/Models/Time/Aerial-Bridging-Header.h";
				SWIFT_OPTIMIZATION_LEVEL = "-Onone";
				SWIFT_VERSION = 5.0;
				WRAPPER_EXTENSION = saver;
			};
			name = Debug;
		};
		FACAF1B11BD9FC6000E539DC /* Release */ = {
			isa = XCBuildConfiguration;
			buildSettings = {
				ALWAYS_EMBED_SWIFT_STANDARD_LIBRARIES = YES;
				CLANG_ALLOW_NON_MODULAR_INCLUDES_IN_FRAMEWORK_MODULES = NO;
				CLANG_ENABLE_MODULES = YES;
				CODE_SIGN_IDENTITY = "Apple Development";
				CODE_SIGN_STYLE = Automatic;
				COMBINE_HIDPI_IMAGES = YES;
				CURRENT_PROJECT_VERSION = 14;
				DEFINES_MODULE = YES;
				DEVELOPMENT_TEAM = GP676945VL;
				ENABLE_HARDENED_RUNTIME = YES;
				INFOPLIST_FILE = "$(SRCROOT)/Resources/Info.plist";
				INSTALL_PATH = "$(HOME)/Library/Screen Savers";
				LD_RUNPATH_SEARCH_PATHS = "$(inherited) @executable_path/../Frameworks @loader_path/../Frameworks";
				MACOSX_DEPLOYMENT_TARGET = 10.13;
				MARKETING_VERSION = 1.0.0beta5;
				OTHER_CODE_SIGN_FLAGS = "--timestamp";
				PRODUCT_BUNDLE_IDENTIFIER = hu.czo.Aerial;
				PRODUCT_NAME = "$(TARGET_NAME)";
				PROVISIONING_PROFILE_SPECIFIER = "";
				SWIFT_OBJC_BRIDGING_HEADER = "Aerial/Source/Models/Time/Aerial-Bridging-Header.h";
				SWIFT_VERSION = 5.0;
				WRAPPER_EXTENSION = saver;
			};
			name = Release;
		};
/* End XCBuildConfiguration section */

/* Begin XCConfigurationList section */
		1944180E274160EF00EF4E3B /* Build configuration list for PBXNativeTarget "TestPreferences" */ = {
			isa = XCConfigurationList;
			buildConfigurations = (
				1944180F274160EF00EF4E3B /* Debug */,
				19441810274160EF00EF4E3B /* Release */,
			);
			defaultConfigurationIsVisible = 0;
			defaultConfigurationName = Release;
		};
		FACAF19F1BD9FC6000E539DC /* Build configuration list for PBXProject "Aerial" */ = {
			isa = XCConfigurationList;
			buildConfigurations = (
				FACAF1AD1BD9FC6000E539DC /* Debug */,
				FACAF1AE1BD9FC6000E539DC /* Release */,
			);
			defaultConfigurationIsVisible = 0;
			defaultConfigurationName = Release;
		};
		FACAF1AF1BD9FC6000E539DC /* Build configuration list for PBXNativeTarget "AerialClassic" */ = {
			isa = XCConfigurationList;
			buildConfigurations = (
				FACAF1B01BD9FC6000E539DC /* Debug */,
				FACAF1B11BD9FC6000E539DC /* Release */,
			);
			defaultConfigurationIsVisible = 0;
			defaultConfigurationName = Release;
		};
/* End XCConfigurationList section */
	};
	rootObject = FACAF19C1BD9FC6000E539DC /* Project object */;
}
